{
  "requires": true,
  "lockfileVersion": 1,
  "dependencies": {
    "ix": {
      "version": "2.3.5",
      "resolved": "https://registry.npmjs.org/ix/-/ix-2.3.5.tgz",
      "integrity": "sha512-mdW2LtQiy+gPtggKa393EdSaI46RARsAa5zjlLgNKMlE57vC6dc6g6nehROI1Gj/HhsTvpb3WALSwg0EWhhz0Q==",
      "requires": {
        "tslib": "^1.8.0"
      }
    },
    "rxjs": {
      "version": "6.3.3",
      "resolved": "https://registry.npmjs.org/rxjs/-/rxjs-6.3.3.tgz",
      "integrity": "sha512-JTWmoY9tWCs7zvIk/CvRjhjGaOd+OVBM987mxFo+OW66cGpdKjZcpmc74ES1sB//7Kl/PAe8+wEakuhG4pcgOw==",
      "requires": {
        "tslib": "^1.9.0"
      }
    }
  }
}
